
Microsoft Visual Studio Solution File, Format Version 12.00
# Visual Studio Version 17
VisualStudioVersion = 17.8.34330.188
MinimumVisualStudioVersion = 10.0.40219.1
Project("{2150E333-8FDC-42A3-9474-1A3956D46DE8}") = "Services", "Services", "{2B3EF11B-D028-4D2E-97E8-63355EA78DB7}"
EndProject
Project("{2150E333-8FDC-42A3-9474-1A3956D46DE8}") = "Catalog", "Catalog", "{4E773E12-C05B-466E-AEC3-CB0329926E7A}"
EndProject
Project("{9A19103F-16F7-4668-BE54-9A1E7A4F7556}") = "Catalog.API", "Services\Catalog\Catalog.API\Catalog.API.csproj", "{3272D47D-7FDD-45A3-8827-BA35D68E3A9E}"
EndProject
Project("{E53339B2-1760-4266-BCC7-CA923CBCF16C}") = "docker-compose", "docker-compose.dcproj", "{7E79F539-BC6D-4CAE-BBA9-08885CD5AA3F}"
EndProject
Project("{2150E333-8FDC-42A3-9474-1A3956D46DE8}") = "Basket", "Basket", "{B3C6EBF6-1B25-4732-8688-B52DE8665B1F}"
EndProject
Project("{9A19103F-16F7-4668-BE54-9A1E7A4F7556}") = "Basket.API", "Services\Basket\Basket.API\Basket.API.csproj", "{C561DF87-CC11-4FF5-8996-62F8AAB4D282}"
EndProject
Project("{2150E333-8FDC-42A3-9474-1A3956D46DE8}") = "Discount", "Discount", "{1335335C-F1F2-44A8-B0DD-295A895DFB73}"
EndProject
Project("{9A19103F-16F7-4668-BE54-9A1E7A4F7556}") = "Discount.API", "Services\Discount\Discount.API\Discount.API.csproj", "{0A92F5BE-AC50-4012-8F09-CF1B66167E0F}"
EndProject
Project("{9A19103F-16F7-4668-BE54-9A1E7A4F7556}") = "Discount.gRPC", "Services\Discount\Discount.gRPC\Discount.gRPC.csproj", "{089348BC-68C6-462F-8C37-3EBFAED5CD09}"
EndProject
Project("{2150E333-8FDC-42A3-9474-1A3956D46DE8}") = "Ordering", "Ordering", "{53E20EF9-599A-4C8D-A15B-E00D76E05A80}"
EndProject
Project("{9A19103F-16F7-4668-BE54-9A1E7A4F7556}") = "Ordering.API", "Services\Ordering\Ordering.API\Ordering.API.csproj", "{360101F1-9923-4A3C-A846-275A5313D6B8}"
EndProject
Project("{9A19103F-16F7-4668-BE54-9A1E7A4F7556}") = "Ordering.Domain", "Services\Ordering\Ordering.Domain\Ordering.Domain.csproj", "{89062A0A-03B0-4AA0-B040-E1DB650EBAA8}"
EndProject
Project("{9A19103F-16F7-4668-BE54-9A1E7A4F7556}") = "Ordering.Application", "Services\Ordering\Ordering.Application\Ordering.Application.csproj", "{EB4A1D61-5D43-4459-A50D-9B0C6B371A94}"
EndProject
Project("{9A19103F-16F7-4668-BE54-9A1E7A4F7556}") = "Ordering.Infrastructure", "Services\Ordering\Ordering.Infrastructure\Ordering.Infrastructure.csproj", "{D3EDAB5B-4911-4118-BF14-2918A74D0B5F}"
EndProject
Project("{2150E333-8FDC-42A3-9474-1A3956D46DE8}") = "BuildingBlocks", "BuildingBlocks", "{9BD40292-BCCD-4605-AE07-116D1A9E0D97}"
EndProject
Project("{FAE04EC0-301F-11D3-BF4B-00C04F79EFBC}") = "EventBus.Messages", "BuildingBlocks\EventBus.Messages\EventBus.Messages.csproj", "{413EF85D-8F09-44FE-B79E-C222D2238D47}"
EndProject
Global
	GlobalSection(SolutionConfigurationPlatforms) = preSolution
		Debug|Any CPU = Debug|Any CPU
		Release|Any CPU = Release|Any CPU
	EndGlobalSection
	GlobalSection(ProjectConfigurationPlatforms) = postSolution
		{3272D47D-7FDD-45A3-8827-BA35D68E3A9E}.Debug|Any CPU.ActiveCfg = Debug|Any CPU
		{3272D47D-7FDD-45A3-8827-BA35D68E3A9E}.Debug|Any CPU.Build.0 = Debug|Any CPU
		{3272D47D-7FDD-45A3-8827-BA35D68E3A9E}.Release|Any CPU.ActiveCfg = Release|Any CPU
		{3272D47D-7FDD-45A3-8827-BA35D68E3A9E}.Release|Any CPU.Build.0 = Release|Any CPU
		{7E79F539-BC6D-4CAE-BBA9-08885CD5AA3F}.Debug|Any CPU.ActiveCfg = Debug|Any CPU
		{7E79F539-BC6D-4CAE-BBA9-08885CD5AA3F}.Debug|Any CPU.Build.0 = Debug|Any CPU
		{7E79F539-BC6D-4CAE-BBA9-08885CD5AA3F}.Release|Any CPU.ActiveCfg = Release|Any CPU
		{7E79F539-BC6D-4CAE-BBA9-08885CD5AA3F}.Release|Any CPU.Build.0 = Release|Any CPU
		{C561DF87-CC11-4FF5-8996-62F8AAB4D282}.Debug|Any CPU.ActiveCfg = Debug|Any CPU
		{C561DF87-CC11-4FF5-8996-62F8AAB4D282}.Debug|Any CPU.Build.0 = Debug|Any CPU
		{C561DF87-CC11-4FF5-8996-62F8AAB4D282}.Release|Any CPU.ActiveCfg = Release|Any CPU
		{C561DF87-CC11-4FF5-8996-62F8AAB4D282}.Release|Any CPU.Build.0 = Release|Any CPU
		{0A92F5BE-AC50-4012-8F09-CF1B66167E0F}.Debug|Any CPU.ActiveCfg = Debug|Any CPU
		{0A92F5BE-AC50-4012-8F09-CF1B66167E0F}.Debug|Any CPU.Build.0 = Debug|Any CPU
		{0A92F5BE-AC50-4012-8F09-CF1B66167E0F}.Release|Any CPU.ActiveCfg = Release|Any CPU
		{0A92F5BE-AC50-4012-8F09-CF1B66167E0F}.Release|Any CPU.Build.0 = Release|Any CPU
		{089348BC-68C6-462F-8C37-3EBFAED5CD09}.Debug|Any CPU.ActiveCfg = Debug|Any CPU
		{089348BC-68C6-462F-8C37-3EBFAED5CD09}.Debug|Any CPU.Build.0 = Debug|Any CPU
		{089348BC-68C6-462F-8C37-3EBFAED5CD09}.Release|Any CPU.ActiveCfg = Release|Any CPU
		{089348BC-68C6-462F-8C37-3EBFAED5CD09}.Release|Any CPU.Build.0 = Release|Any CPU
		{360101F1-9923-4A3C-A846-275A5313D6B8}.Debug|Any CPU.ActiveCfg = Debug|Any CPU
		{360101F1-9923-4A3C-A846-275A5313D6B8}.Debug|Any CPU.Build.0 = Debug|Any CPU
		{360101F1-9923-4A3C-A846-275A5313D6B8}.Release|Any CPU.ActiveCfg = Release|Any CPU
		{360101F1-9923-4A3C-A846-275A5313D6B8}.Release|Any CPU.Build.0 = Release|Any CPU
		{89062A0A-03B0-4AA0-B040-E1DB650EBAA8}.Debug|Any CPU.ActiveCfg = Debug|Any CPU
		{89062A0A-03B0-4AA0-B040-E1DB650EBAA8}.Debug|Any CPU.Build.0 = Debug|Any CPU
		{89062A0A-03B0-4AA0-B040-E1DB650EBAA8}.Release|Any CPU.ActiveCfg = Release|Any CPU
		{89062A0A-03B0-4AA0-B040-E1DB650EBAA8}.Release|Any CPU.Build.0 = Release|Any CPU
		{EB4A1D61-5D43-4459-A50D-9B0C6B371A94}.Debug|Any CPU.ActiveCfg = Debug|Any CPU
		{EB4A1D61-5D43-4459-A50D-9B0C6B371A94}.Debug|Any CPU.Build.0 = Debug|Any CPU
		{EB4A1D61-5D43-4459-A50D-9B0C6B371A94}.Release|Any CPU.ActiveCfg = Release|Any CPU
		{EB4A1D61-5D43-4459-A50D-9B0C6B371A94}.Release|Any CPU.Build.0 = Release|Any CPU
		{D3EDAB5B-4911-4118-BF14-2918A74D0B5F}.Debug|Any CPU.ActiveCfg = Debug|Any CPU
		{D3EDAB5B-4911-4118-BF14-2918A74D0B5F}.Debug|Any CPU.Build.0 = Debug|Any CPU
		{D3EDAB5B-4911-4118-BF14-2918A74D0B5F}.Release|Any CPU.ActiveCfg = Release|Any CPU
		{D3EDAB5B-4911-4118-BF14-2918A74D0B5F}.Release|Any CPU.Build.0 = Release|Any CPU
		{413EF85D-8F09-44FE-B79E-C222D2238D47}.Debug|Any CPU.ActiveCfg = Debug|Any CPU
		{413EF85D-8F09-44FE-B79E-C222D2238D47}.Debug|Any CPU.Build.0 = Debug|Any CPU
		{413EF85D-8F09-44FE-B79E-C222D2238D47}.Release|Any CPU.ActiveCfg = Release|Any CPU
		{413EF85D-8F09-44FE-B79E-C222D2238D47}.Release|Any CPU.Build.0 = Release|Any CPU
	EndGlobalSection
	GlobalSection(SolutionProperties) = preSolution
		HideSolutionNode = FALSE
	EndGlobalSection
	GlobalSection(NestedProjects) = preSolution
		{4E773E12-C05B-466E-AEC3-CB0329926E7A} = {2B3EF11B-D028-4D2E-97E8-63355EA78DB7}
		{3272D47D-7FDD-45A3-8827-BA35D68E3A9E} = {4E773E12-C05B-466E-AEC3-CB0329926E7A}
		{B3C6EBF6-1B25-4732-8688-B52DE8665B1F} = {2B3EF11B-D028-4D2E-97E8-63355EA78DB7}
		{C561DF87-CC11-4FF5-8996-62F8AAB4D282} = {B3C6EBF6-1B25-4732-8688-B52DE8665B1F}
		{1335335C-F1F2-44A8-B0DD-295A895DFB73} = {2B3EF11B-D028-4D2E-97E8-63355EA78DB7}
		{0A92F5BE-AC50-4012-8F09-CF1B66167E0F} = {1335335C-F1F2-44A8-B0DD-295A895DFB73}
		{089348BC-68C6-462F-8C37-3EBFAED5CD09} = {1335335C-F1F2-44A8-B0DD-295A895DFB73}
		{53E20EF9-599A-4C8D-A15B-E00D76E05A80} = {2B3EF11B-D028-4D2E-97E8-63355EA78DB7}
		{360101F1-9923-4A3C-A846-275A5313D6B8} = {53E20EF9-599A-4C8D-A15B-E00D76E05A80}
		{89062A0A-03B0-4AA0-B040-E1DB650EBAA8} = {53E20EF9-599A-4C8D-A15B-E00D76E05A80}
		{EB4A1D61-5D43-4459-A50D-9B0C6B371A94} = {53E20EF9-599A-4C8D-A15B-E00D76E05A80}
		{D3EDAB5B-4911-4118-BF14-2918A74D0B5F} = {53E20EF9-599A-4C8D-A15B-E00D76E05A80}
		{413EF85D-8F09-44FE-B79E-C222D2238D47} = {9BD40292-BCCD-4605-AE07-116D1A9E0D97}
	EndGlobalSection
	GlobalSection(ExtensibilityGlobals) = postSolution
		SolutionGuid = {ADA46408-813E-4EB5-AB71-B50963EE4E0A}
	EndGlobalSection
EndGlobal
